
Microsoft Visual Studio Solution File, Format Version 12.00
# Visual Studio Version 16
VisualStudioVersion = 16.0.30804.86
MinimumVisualStudioVersion = 10.0.40219.1
Project("{FAE04EC0-301F-11D3-BF4B-00C04F79EFBC}") = "BucketSort", "BucketSort\BucketSort.csproj", "{FB50CB4B-7471-4B24-B7D0-EACA8C68EAFB}"
EndProject
Global
	GlobalSection(SolutionConfigurationPlatforms) = preSolution
		Debug|Any CPU = Debug|Any CPU
		Release|Any CPU = Release|Any CPU
	EndGlobalSection
	GlobalSection(ProjectConfigurationPlatforms) = postSolution
		{FB50CB4B-7471-4B24-B7D0-EACA8C68EAFB}.Debug|Any CPU.ActiveCfg = Debug|Any CPU
		{FB50CB4B-7471-4B24-B7D0-EACA8C68EAFB}.Debug|Any CPU.Build.0 = Debug|Any CPU
		{FB50CB4B-7471-4B24-B7D0-EACA8C68EAFB}.Release|Any CPU.ActiveCfg = Release|Any CPU
		{FB50CB4B-7471-4B24-B7D0-EACA8C68EAFB}.Release|Any CPU.Build.0 = Release|Any CPU
	EndGlobalSection
	GlobalSection(SolutionProperties) = preSolution
		HideSolutionNode = FALSE
	EndGlobalSection
	GlobalSection(ExtensibilityGlobals) = postSolution
		SolutionGuid = {37837692-4FBB-4A80-99A7-CD619B41ABF1}
	EndGlobalSection
EndGlobal
